
Microsoft Visual Studio Solution File, Format Version 12.00
# Visual Studio 2012
Project("{E24C65DC-7377-472B-9ABA-BC803B73C61A}") = "Email", ".", "{7EE23149-C6FA-43A0-8B82-14BB6292A108}"
	ProjectSection(WebsiteProperties) = preProject
		TargetFrameworkMoniker = ".NETFramework,Version%3Dv4.5"
		Debug.AspNetCompiler.VirtualPath = "/Email"
		Debug.AspNetCompiler.PhysicalPath = "D:\Projects\CodeSamples\Email\"
		Debug.AspNetCompiler.TargetPath = "PrecompiledWeb\Email\"
		Debug.AspNetCompiler.Updateable = "true"
		Debug.AspNetCompiler.ForceOverwrite = "true"
		Debug.AspNetCompiler.FixedNames = "false"
		Debug.AspNetCompiler.Debug = "True"
		Release.AspNetCompiler.VirtualPath = "/Email"
		Release.AspNetCompiler.PhysicalPath = "D:\Projects\CodeSamples\Email\"
		Release.AspNetCompiler.TargetPath = "PrecompiledWeb\Email\"
		Release.AspNetCompiler.Updateable = "true"
		Release.AspNetCompiler.ForceOverwrite = "true"
		Release.AspNetCompiler.FixedNames = "false"
		Release.AspNetCompiler.Debug = "False"
		VWDPort = "49293"
	EndProjectSection
EndProject
Global
	GlobalSection(SolutionConfigurationPlatforms) = preSolution
		Debug|Any CPU = Debug|Any CPU
	EndGlobalSection
	GlobalSection(ProjectConfigurationPlatforms) = postSolution
		{7EE23149-C6FA-43A0-8B82-14BB6292A108}.Debug|Any CPU.ActiveCfg = Debug|Any CPU
		{7EE23149-C6FA-43A0-8B82-14BB6292A108}.Debug|Any CPU.Build.0 = Debug|Any CPU
	EndGlobalSection
	GlobalSection(SolutionProperties) = preSolution
		HideSolutionNode = FALSE
	EndGlobalSection
EndGlobal
